
Microsoft Visual Studio Solution File, Format Version 12.00
# Visual Studio Version 17
VisualStudioVersion = 17.0.31912.275
MinimumVisualStudioVersion = 10.0.40219.1
Project("{9A19103F-16F7-4668-BE54-9A1E7A4F7556}") = "Configuration", "EasyMicroservice.Configuration\EasyMicroservice.Configuration.csproj", "{4CAB3EB1-D847-4D31-9CE3-21B3B4C46923}"
EndProject
Project("{FAE04EC0-301F-11D3-BF4B-00C04F79EFBC}") = "Configuration.Tests", "EasyMicroservice.Configuration.Tests\EasyMicroservice.Configuration.Tests.csproj", "{FF55B690-A545-43CB-AAC8-BFF07CA59DEB}"
EndProject
Global
	GlobalSection(SolutionConfigurationPlatforms) = preSolution
		Debug|Any CPU = Debug|Any CPU
		Release|Any CPU = Release|Any CPU
	EndGlobalSection
	GlobalSection(ProjectConfigurationPlatforms) = postSolution
		{4CAB3EB1-D847-4D31-9CE3-21B3B4C46923}.Debug|Any CPU.ActiveCfg = Debug|Any CPU
		{4CAB3EB1-D847-4D31-9CE3-21B3B4C46923}.Debug|Any CPU.Build.0 = Debug|Any CPU
		{4CAB3EB1-D847-4D31-9CE3-21B3B4C46923}.Release|Any CPU.ActiveCfg = Release|Any CPU
		{4CAB3EB1-D847-4D31-9CE3-21B3B4C46923}.Release|Any CPU.Build.0 = Release|Any CPU
		{FF55B690-A545-43CB-AAC8-BFF07CA59DEB}.Debug|Any CPU.ActiveCfg = Debug|Any CPU
		{FF55B690-A545-43CB-AAC8-BFF07CA59DEB}.Debug|Any CPU.Build.0 = Debug|Any CPU
		{FF55B690-A545-43CB-AAC8-BFF07CA59DEB}.Release|Any CPU.ActiveCfg = Release|Any CPU
		{FF55B690-A545-43CB-AAC8-BFF07CA59DEB}.Release|Any CPU.Build.0 = Release|Any CPU
	EndGlobalSection
	GlobalSection(SolutionProperties) = preSolution
		HideSolutionNode = FALSE
	EndGlobalSection
	GlobalSection(ExtensibilityGlobals) = postSolution
		SolutionGuid = {317F561C-C05F-4D74-BDF1-A1289C5DCDAC}
	EndGlobalSection
EndGlobal
